
Microsoft Visual Studio Solution File, Format Version 12.00
# Visual Studio 15
Project("{FAE04EC0-301F-11D3-BF4B-00C04F79EFBC}") = "libusb-tester", "libusb-tester.csproj", "{824B9797-A446-48F7-9652-D5FE644024A0}"
EndProject
Global
	GlobalSection(SolutionConfigurationPlatforms) = preSolution
		Debug|Any CPU = Debug|Any CPU
		Release|Any CPU = Release|Any CPU
	EndGlobalSection
	GlobalSection(ProjectConfigurationPlatforms) = postSolution
		{824B9797-A446-48F7-9652-D5FE644024A0}.Debug|Any CPU.ActiveCfg = Debug|Any CPU
		{824B9797-A446-48F7-9652-D5FE644024A0}.Debug|Any CPU.Build.0 = Debug|Any CPU
		{824B9797-A446-48F7-9652-D5FE644024A0}.Release|Any CPU.ActiveCfg = Release|Any CPU
		{824B9797-A446-48F7-9652-D5FE644024A0}.Release|Any CPU.Build.0 = Release|Any CPU
	EndGlobalSection
EndGlobal
